// !$*UTF8*$!
{
	archiveVersion = 1;
	classes = {
	};
	objectVersion = 50;
	objects = {

/* Begin PBXBuildFile section */
		B5306AF0224A2E8300807931 /* AppDelegate.swift in Sources */ = {isa = PBXBuildFile; fileRef = B5306AEF224A2E8300807931 /* AppDelegate.swift */; };
		B5306AF7224A2E8300807931 /* Main.storyboard in Resources */ = {isa = PBXBuildFile; fileRef = B5306AF5224A2E8300807931 /* Main.storyboard */; };
		B5306AF9224A2E8500807931 /* Assets.xcassets in Resources */ = {isa = PBXBuildFile; fileRef = B5306AF8224A2E8500807931 /* Assets.xcassets */; };
		B5306AFC224A2E8500807931 /* LaunchScreen.storyboard in Resources */ = {isa = PBXBuildFile; fileRef = B5306AFA224A2E8500807931 /* LaunchScreen.storyboard */; };
		B5306B07224A34AF00807931 /* Calanques.swift in Sources */ = {isa = PBXBuildFile; fileRef = B5306B06224A34AF00807931 /* Calanques.swift */; };
		B5306B09224A380400807931 /* CalanqueCollection.swift in Sources */ = {isa = PBXBuildFile; fileRef = B5306B08224A380400807931 /* CalanqueCollection.swift */; };
		B5306B0B224A3AA300807931 /* ControllerAvecTableView.swift in Sources */ = {isa = PBXBuildFile; fileRef = B5306B0A224A3AA300807931 /* ControllerAvecTableView.swift */; };
		B5306B0D224A3ADF00807931 /* ControllerAvecCarte.swift in Sources */ = {isa = PBXBuildFile; fileRef = B5306B0C224A3ADF00807931 /* ControllerAvecCarte.swift */; };
		B5306B0F224A3B5300807931 /* TableViewIntegreeController.swift in Sources */ = {isa = PBXBuildFile; fileRef = B5306B0E224A3B5300807931 /* TableViewIntegreeController.swift */; };
		B5306B11224A581A00807931 /* CalanqueCell.swift in Sources */ = {isa = PBXBuildFile; fileRef = B5306B10224A581A00807931 /* CalanqueCell.swift */; };
		B5306B13224A6A0300807931 /* ImageRonde.swift in Sources */ = {isa = PBXBuildFile; fileRef = B5306B12224A6A0300807931 /* ImageRonde.swift */; };
/* End PBXBuildFile section */

/* Begin PBXFileReference section */
		B5306AEC224A2E8300807931 /* Les Calanques.app */ = {isa = PBXFileReference; explicitFileType = wrapper.application; includeInIndex = 0; path = "Les Calanques.app"; sourceTree = BUILT_PRODUCTS_DIR; };
		B5306AEF224A2E8300807931 /* AppDelegate.swift */ = {isa = PBXFileReference; lastKnownFileType = sourcecode.swift; path = AppDelegate.swift; sourceTree = "<group>"; };
		B5306AF6224A2E8300807931 /* Base */ = {isa = PBXFileReference; lastKnownFileType = file.storyboard; name = Base; path = Base.lproj/Main.storyboard; sourceTree = "<group>"; };
		B5306AF8224A2E8500807931 /* Assets.xcassets */ = {isa = PBXFileReference; lastKnownFileType = folder.assetcatalog; path = Assets.xcassets; sourceTree = "<group>"; };
		B5306AFB224A2E8500807931 /* Base */ = {isa = PBXFileReference; lastKnownFileType = file.storyboard; name = Base; path = Base.lproj/LaunchScreen.storyboard; sourceTree = "<group>"; };
		B5306AFD224A2E8500807931 /* Info.plist */ = {isa = PBXFileReference; lastKnownFileType = text.plist.xml; path = Info.plist; sourceTree = "<group>"; };
		B5306B06224A34AF00807931 /* Calanques.swift */ = {isa = PBXFileReference; lastKnownFileType = sourcecode.swift; path = Calanques.swift; sourceTree = "<group>"; };
		B5306B08224A380400807931 /* CalanqueCollection.swift */ = {isa = PBXFileReference; lastKnownFileType = sourcecode.swift; path = CalanqueCollection.swift; sourceTree = "<group>"; };
		B5306B0A224A3AA300807931 /* ControllerAvecTableView.swift */ = {isa = PBXFileReference; lastKnownFileType = sourcecode.swift; path = ControllerAvecTableView.swift; sourceTree = "<group>"; };
		B5306B0C224A3ADF00807931 /* ControllerAvecCarte.swift */ = {isa = PBXFileReference; lastKnownFileType = sourcecode.swift; path = ControllerAvecCarte.swift; sourceTree = "<group>"; };
		B5306B0E224A3B5300807931 /* TableViewIntegreeController.swift */ = {isa = PBXFileReference; lastKnownFileType = sourcecode.swift; path = TableViewIntegreeController.swift; sourceTree = "<group>"; };
		B5306B10224A581A00807931 /* CalanqueCell.swift */ = {isa = PBXFileReference; lastKnownFileType = sourcecode.swift; path = CalanqueCell.swift; sourceTree = "<group>"; };
		B5306B12224A6A0300807931 /* ImageRonde.swift */ = {isa = PBXFileReference; lastKnownFileType = sourcecode.swift; path = ImageRonde.swift; sourceTree = "<group>"; };
/* End PBXFileReference section */

/* Begin PBXFrameworksBuildPhase section */
		B5306AE9224A2E8300807931 /* Frameworks */ = {
			isa = PBXFrameworksBuildPhase;
			buildActionMask = 2147483647;
			files = (
			);
			runOnlyForDeploymentPostprocessing = 0;
		};
/* End PBXFrameworksBuildPhase section */

/* Begin PBXGroup section */
		B5306AE3224A2E8300807931 = {
			isa = PBXGroup;
			children = (
				B5306AEE224A2E8300807931 /* Les Calanques */,
				B5306AED224A2E8300807931 /* Products */,
			);
			sourceTree = "<group>";
		};
		B5306AED224A2E8300807931 /* Products */ = {
			isa = PBXGroup;
			children = (
				B5306AEC224A2E8300807931 /* Les Calanques.app */,
			);
			name = Products;
			sourceTree = "<group>";
		};
		B5306AEE224A2E8300807931 /* Les Calanques */ = {
			isa = PBXGroup;
			children = (
				B5306B03224A338400807931 /* Modele */,
				B5306B04224A339400807931 /* Vue */,
				B5306B05224A33A400807931 /* Controller */,
				B5306AEF224A2E8300807931 /* AppDelegate.swift */,
				B5306AF5224A2E8300807931 /* Main.storyboard */,
				B5306AF8224A2E8500807931 /* Assets.xcassets */,
				B5306AFA224A2E8500807931 /* LaunchScreen.storyboard */,
				B5306AFD224A2E8500807931 /* Info.plist */,
			);
			path = "Les Calanques";
			sourceTree = "<group>";
		};
		B5306B03224A338400807931 /* Modele */ = {
			isa = PBXGroup;
			children = (
				B5306B06224A34AF00807931 /* Calanques.swift */,
				B5306B08224A380400807931 /* CalanqueCollection.swift */,
			);
			path = Modele;
			sourceTree = "<group>";
		};
		B5306B04224A339400807931 /* Vue */ = {
			isa = PBXGroup;
			children = (
				B5306B10224A581A00807931 /* CalanqueCell.swift */,
				B5306B12224A6A0300807931 /* ImageRonde.swift */,
			);
			path = Vue;
			sourceTree = "<group>";
		};
		B5306B05224A33A400807931 /* Controller */ = {
			isa = PBXGroup;
			children = (
				B5306B0A224A3AA300807931 /* ControllerAvecTableView.swift */,
				B5306B0C224A3ADF00807931 /* ControllerAvecCarte.swift */,
				B5306B0E224A3B5300807931 /* TableViewIntegreeController.swift */,
			);
			path = Controller;
			sourceTree = "<group>";
		};
/* End PBXGroup section */

/* Begin PBXNativeTarget section */
		B5306AEB224A2E8300807931 /* Les Calanques */ = {
			isa = PBXNativeTarget;
			buildConfigurationList = B5306B00224A2E8500807931 /* Build configuration list for PBXNativeTarget "Les Calanques" */;
			buildPhases = (
				B5306AE8224A2E8300807931 /* Sources */,
				B5306AE9224A2E8300807931 /* Frameworks */,
				B5306AEA224A2E8300807931 /* Resources */,
			);
			buildRules = (
			);
			dependencies = (
			);
			name = "Les Calanques";
			productName = "Les Calanques";
			productReference = B5306AEC224A2E8300807931 /* Les Calanques.app */;
			productType = "com.apple.product-type.application";
		};
/* End PBXNativeTarget section */

/* Begin PBXProject section */
		B5306AE4224A2E8300807931 /* Project object */ = {
			isa = PBXProject;
			attributes = {
				LastSwiftUpdateCheck = 1010;
				LastUpgradeCheck = 1010;
				ORGANIZATIONNAME = Emma;
				TargetAttributes = {
					B5306AEB224A2E8300807931 = {
						CreatedOnToolsVersion = 10.1;
					};
				};
			};
			buildConfigurationList = B5306AE7224A2E8300807931 /* Build configuration list for PBXProject "Les Calanques" */;
			compatibilityVersion = "Xcode 9.3";
			developmentRegion = en;
			hasScannedForEncodings = 0;
			knownRegions = (
				en,
				Base,
			);
			mainGroup = B5306AE3224A2E8300807931;
			productRefGroup = B5306AED224A2E8300807931 /* Products */;
			projectDirPath = "";
			projectRoot = "";
			targets = (
				B5306AEB224A2E8300807931 /* Les Calanques */,
			);
		};
/* End PBXProject section */

/* Begin PBXResourcesBuildPhase section */
		B5306AEA224A2E8300807931 /* Resources */ = {
			isa = PBXResourcesBuildPhase;
			buildActionMask = 2147483647;
			files = (
				B5306AFC224A2E8500807931 /* LaunchScreen.storyboard in Resources */,
				B5306AF9224A2E8500807931 /* Assets.xcassets in Resources */,
				B5306AF7224A2E8300807931 /* Main.storyboard in Resources */,
			);
			runOnlyForDeploymentPostprocessing = 0;
		};
/* End PBXResourcesBuildPhase section */

/* Begin PBXSourcesBuildPhase section */
		B5306AE8224A2E8300807931 /* Sources */ = {
			isa = PBXSourcesBuildPhase;
			buildActionMask = 2147483647;
			files = (
				B5306B0F224A3B5300807931 /* TableViewIntegreeController.swift in Sources */,
				B5306B11224A581A00807931 /* CalanqueCell.swift in Sources */,
				B5306AF0224A2E8300807931 /* AppDelegate.swift in Sources */,
				B5306B09224A380400807931 /* CalanqueCollection.swift in Sources */,
				B5306B0D224A3ADF00807931 /* ControllerAvecCarte.swift in Sources */,
				B5306B0B224A3AA300807931 /* ControllerAvecTableView.swift in Sources */,
				B5306B13224A6A0300807931 /* ImageRonde.swift in Sources */,
				B5306B07224A34AF00807931 /* Calanques.swift in Sources */,
			);
			runOnlyForDeploymentPostprocessing = 0;
		};
/* End PBXSourcesBuildPhase section */

/* Begin PBXVariantGroup section */
		B5306AF5224A2E8300807931 /* Main.storyboard */ = {
			isa = PBXVariantGroup;
			children = (
				B5306AF6224A2E8300807931 /* Base */,
			);
			name = Main.storyboard;
			sourceTree = "<group>";
		};
		B5306AFA224A2E8500807931 /* LaunchScreen.storyboard */ = {
			isa = PBXVariantGroup;
			children = (
				B5306AFB224A2E8500807931 /* Base */,
			);
			name = LaunchScreen.storyboard;
			sourceTree = "<group>";
		};
/* End PBXVariantGroup section */

/* Begin XCBuildConfiguration section */
		B5306AFE224A2E8500807931 /* Debug */ = {
			isa = XCBuildConfiguration;
			buildSettings = {
				ALWAYS_SEARCH_USER_PATHS = NO;
				CLANG_ANALYZER_NONNULL = YES;
				CLANG_ANALYZER_NUMBER_OBJECT_CONVERSION = YES_AGGRESSIVE;
				CLANG_CXX_LANGUAGE_STANDARD = "gnu++14";
				CLANG_CXX_LIBRARY = "libc++";
				CLANG_ENABLE_MODULES = YES;
				CLANG_ENABLE_OBJC_ARC = YES;
				CLANG_ENABLE_OBJC_WEAK = YES;
				CLANG_WARN_BLOCK_CAPTURE_AUTORELEASING = YES;
				CLANG_WARN_BOOL_CONVERSION = YES;
				CLANG_WARN_COMMA = YES;
				CLANG_WARN_CONSTANT_CONVERSION = YES;
				CLANG_WARN_DEPRECATED_OBJC_IMPLEMENTATIONS = YES;
				CLANG_WARN_DIRECT_OBJC_ISA_USAGE = YES_ERROR;
				CLANG_WARN_DOCUMENTATION_COMMENTS = YES;
				CLANG_WARN_EMPTY_BODY = YES;
				CLANG_WARN_ENUM_CONVERSION = YES;
				CLANG_WARN_INFINITE_RECURSION = YES;
				CLANG_WARN_INT_CONVERSION = YES;
				CLANG_WARN_NON_LITERAL_NULL_CONVERSION = YES;
				CLANG_WARN_OBJC_IMPLICIT_RETAIN_SELF = YES;
				CLANG_WARN_OBJC_LITERAL_CONVERSION = YES;
				CLANG_WARN_OBJC_ROOT_CLASS = YES_ERROR;
				CLANG_WARN_RANGE_LOOP_ANALYSIS = YES;
				CLANG_WARN_STRICT_PROTOTYPES = YES;
				CLANG_WARN_SUSPICIOUS_MOVE = YES;
				CLANG_WARN_UNGUARDED_AVAILABILITY = YES_AGGRESSIVE;
				CLANG_WARN_UNREACHABLE_CODE = YES;
				CLANG_WARN__DUPLICATE_METHOD_MATCH = YES;
				CODE_SIGN_IDENTITY = "iPhone Developer";
				COPY_PHASE_STRIP = NO;
				DEBUG_INFORMATION_FORMAT = dwarf;
				ENABLE_STRICT_OBJC_MSGSEND = YES;
				ENABLE_TESTABILITY = YES;
				GCC_C_LANGUAGE_STANDARD = gnu11;
				GCC_DYNAMIC_NO_PIC = NO;
				GCC_NO_COMMON_BLOCKS = YES;
				GCC_OPTIMIZATION_LEVEL = 0;
				GCC_PREPROCESSOR_DEFINITIONS = (
					"DEBUG=1",
					"$(inherited)",
				);
				GCC_WARN_64_TO_32_BIT_CONVERSION = YES;
				GCC_WARN_ABOUT_RETURN_TYPE = YES_ERROR;
				GCC_WARN_UNDECLARED_SELECTOR = YES;
				GCC_WARN_UNINITIALIZED_AUTOS = YES_AGGRESSIVE;
				GCC_WARN_UNUSED_FUNCTION = YES;
				GCC_WARN_UNUSED_VARIABLE = YES;
				IPHONEOS_DEPLOYMENT_TARGET = 12.1;
				MTL_ENABLE_DEBUG_INFO = INCLUDE_SOURCE;
				MTL_FAST_MATH = YES;
				ONLY_ACTIVE_ARCH = YES;
				SDKROOT = iphoneos;
				SWIFT_ACTIVE_COMPILATION_CONDITIONS = DEBUG;
				SWIFT_OPTIMIZATION_LEVEL = "-Onone";
			};
			name = Debug;
		};
		B5306AFF224A2E8500807931 /* Release */ = {
			isa = XCBuildConfiguration;
			buildSettings = {
				ALWAYS_SEARCH_USER_PATHS = NO;
				CLANG_ANALYZER_NONNULL = YES;
				CLANG_ANALYZER_NUMBER_OBJECT_CONVERSION = YES_AGGRESSIVE;
				CLANG_CXX_LANGUAGE_STANDARD = "gnu++14";
				CLANG_CXX_LIBRARY = "libc++";
				CLANG_ENABLE_MODULES = YES;
				CLANG_ENABLE_OBJC_ARC = YES;
				CLANG_ENABLE_OBJC_WEAK = YES;
				CLANG_WARN_BLOCK_CAPTURE_AUTORELEASING = YES;
				CLANG_WARN_BOOL_CONVERSION = YES;
				CLANG_WARN_COMMA = YES;
				CLANG_WARN_CONSTANT_CONVERSION = YES;
				CLANG_WARN_DEPRECATED_OBJC_IMPLEMENTATIONS = YES;
				CLANG_WARN_DIRECT_OBJC_ISA_USAGE = YES_ERROR;
				CLANG_WARN_DOCUMENTATION_COMMENTS = YES;
				CLANG_WARN_EMPTY_BODY = YES;
				CLANG_WARN_ENUM_CONVERSION = YES;
				CLANG_WARN_INFINITE_RECURSION = YES;
				CLANG_WARN_INT_CONVERSION = YES;
				CLANG_WARN_NON_LITERAL_NULL_CONVERSION = YES;
				CLANG_WARN_OBJC_IMPLICIT_RETAIN_SELF = YES;
				CLANG_WARN_OBJC_LITERAL_CONVERSION = YES;
				CLANG_WARN_OBJC_ROOT_CLASS = YES_ERROR;
				CLANG_WARN_RANGE_LOOP_ANALYSIS = YES;
				CLANG_WARN_STRICT_PROTOTYPES = YES;
				CLANG_WARN_SUSPICIOUS_MOVE = YES;
				CLANG_WARN_UNGUARDED_AVAILABILITY = YES_AGGRESSIVE;
				CLANG_WARN_UNREACHABLE_CODE = YES;
				CLANG_WARN__DUPLICATE_METHOD_MATCH = YES;
				CODE_SIGN_IDENTITY = "iPhone Developer";
				COPY_PHASE_STRIP = NO;
				DEBUG_INFORMATION_FORMAT = "dwarf-with-dsym";
				ENABLE_NS_ASSERTIONS = NO;
				ENABLE_STRICT_OBJC_MSGSEND = YES;
				GCC_C_LANGUAGE_STANDARD = gnu11;
				GCC_NO_COMMON_BLOCKS = YES;
				GCC_WARN_64_TO_32_BIT_CONVERSION = YES;
				GCC_WARN_ABOUT_RETURN_TYPE = YES_ERROR;
				GCC_WARN_UNDECLARED_SELECTOR = YES;
				GCC_WARN_UNINITIALIZED_AUTOS = YES_AGGRESSIVE;
				GCC_WARN_UNUSED_FUNCTION = YES;
				GCC_WARN_UNUSED_VARIABLE = YES;
				IPHONEOS_DEPLOYMENT_TARGET = 12.1;
				MTL_ENABLE_DEBUG_INFO = NO;
				MTL_FAST_MATH = YES;
				SDKROOT = iphoneos;
				SWIFT_COMPILATION_MODE = wholemodule;
				SWIFT_OPTIMIZATION_LEVEL = "-O";
				VALIDATE_PRODUCT = YES;
			};
			name = Release;
		};
		B5306B01224A2E8500807931 /* Debug */ = {
			isa = XCBuildConfiguration;
			buildSettings = {
				ASSETCATALOG_COMPILER_APPICON_NAME = AppIcon;
				CODE_SIGN_STYLE = Automatic;
				INFOPLIST_FILE = "Les Calanques/Info.plist";
				LD_RUNPATH_SEARCH_PATHS = (
					"$(inherited)",
					"@executable_path/Frameworks",
				);
				PRODUCT_BUNDLE_IDENTIFIER = "learning.Les-Calanques";
				PRODUCT_NAME = "$(TARGET_NAME)";
				SWIFT_VERSION = 4.2;
				TARGETED_DEVICE_FAMILY = "1,2";
			};
			name = Debug;
		};
		B5306B02224A2E8500807931 /* Release */ = {
			isa = XCBuildConfiguration;
			buildSettings = {
				ASSETCATALOG_COMPILER_APPICON_NAME = AppIcon;
				CODE_SIGN_STYLE = Automatic;
				INFOPLIST_FILE = "Les Calanques/Info.plist";
				LD_RUNPATH_SEARCH_PATHS = (
					"$(inherited)",
					"@executable_path/Frameworks",
				);
				PRODUCT_BUNDLE_IDENTIFIER = "learning.Les-Calanques";
				PRODUCT_NAME = "$(TARGET_NAME)";
				SWIFT_VERSION = 4.2;
				TARGETED_DEVICE_FAMILY = "1,2";
			};
			name = Release;
		};
/* End XCBuildConfiguration section */

/* Begin XCConfigurationList section */
		B5306AE7224A2E8300807931 /* Build configuration list for PBXProject "Les Calanques" */ = {
			isa = XCConfigurationList;
			buildConfigurations = (
				B5306AFE224A2E8500807931 /* Debug */,
				B5306AFF224A2E8500807931 /* Release */,
			);
			defaultConfigurationIsVisible = 0;
			defaultConfigurationName = Release;
		};
		B5306B00224A2E8500807931 /* Build configuration list for PBXNativeTarget "Les Calanques" */ = {
			isa = XCConfigurationList;
			buildConfigurations = (
				B5306B01224A2E8500807931 /* Debug */,
				B5306B02224A2E8500807931 /* Release */,
			);
			defaultConfigurationIsVisible = 0;
			defaultConfigurationName = Release;
		};
/* End XCConfigurationList section */
	};
	rootObject = B5306AE4224A2E8300807931 /* Project object */;
}
